// !$*UTF8*$!
{
	archiveVersion = 1;
	classes = {
	};
	objectVersion = 55;
	objects = {

/* Begin PBXBuildFile section */
		417DB64B27BFAD7900D01AAE /* SettingsView.swift in Sources */ = {isa = PBXBuildFile; fileRef = 417DB64A27BFAD7800D01AAE /* SettingsView.swift */; };
		417DB64D27BFB2F100D01AAE /* FormRowStaticView.swift in Sources */ = {isa = PBXBuildFile; fileRef = 417DB64C27BFB2F100D01AAE /* FormRowStaticView.swift */; };
		417DB64F27BFBB0F00D01AAE /* FormRowLinkView.swift in Sources */ = {isa = PBXBuildFile; fileRef = 417DB64E27BFBB0F00D01AAE /* FormRowLinkView.swift */; };
		417DB65A27BFE03F00D01AAE /* Pink Light.png in Resources */ = {isa = PBXBuildFile; fileRef = 417DB65127BFE03D00D01AAE /* Pink Light.png */; };
		417DB65B27BFE03F00D01AAE /* Pink.png in Resources */ = {isa = PBXBuildFile; fileRef = 417DB65227BFE03E00D01AAE /* Pink.png */; };
		417DB65C27BFE03F00D01AAE /* Green Dark.png in Resources */ = {isa = PBXBuildFile; fileRef = 417DB65327BFE03E00D01AAE /* Green Dark.png */; };
		417DB65D27BFE03F00D01AAE /* Green.png in Resources */ = {isa = PBXBuildFile; fileRef = 417DB65427BFE03E00D01AAE /* Green.png */; };
		417DB65E27BFE03F00D01AAE /* Blue Light.png in Resources */ = {isa = PBXBuildFile; fileRef = 417DB65527BFE03F00D01AAE /* Blue Light.png */; };
		417DB65F27BFE03F00D01AAE /* Green Light.png in Resources */ = {isa = PBXBuildFile; fileRef = 417DB65627BFE03F00D01AAE /* Green Light.png */; };
		417DB66027BFE03F00D01AAE /* Blue Dark.png in Resources */ = {isa = PBXBuildFile; fileRef = 417DB65727BFE03F00D01AAE /* Blue Dark.png */; };
		417DB66127BFE03F00D01AAE /* Blue.png in Resources */ = {isa = PBXBuildFile; fileRef = 417DB65827BFE03F00D01AAE /* Blue.png */; };
		417DB66227BFE03F00D01AAE /* Pink Dark.png in Resources */ = {isa = PBXBuildFile; fileRef = 417DB65927BFE03F00D01AAE /* Pink Dark.png */; };
		41AB1C0B27BECE3100A6F1DD /* LaunchScreen.storyboard in Resources */ = {isa = PBXBuildFile; fileRef = 41AB1C0A27BECE3100A6F1DD /* LaunchScreen.storyboard */; };
		41AB1C0D27BED38800A6F1DD /* EmptyListView.swift in Sources */ = {isa = PBXBuildFile; fileRef = 41AB1C0C27BED38700A6F1DD /* EmptyListView.swift */; };
		41B1127C27BE5B8B00AB7906 /* AnotherToDoAppApp.swift in Sources */ = {isa = PBXBuildFile; fileRef = 41B1127B27BE5B8B00AB7906 /* AnotherToDoAppApp.swift */; };
		41B1127E27BE5B8B00AB7906 /* ContentView.swift in Sources */ = {isa = PBXBuildFile; fileRef = 41B1127D27BE5B8B00AB7906 /* ContentView.swift */; };
		41B1128027BE5B9200AB7906 /* Assets.xcassets in Resources */ = {isa = PBXBuildFile; fileRef = 41B1127F27BE5B9200AB7906 /* Assets.xcassets */; };
		41B1128327BE5B9200AB7906 /* Preview Assets.xcassets in Resources */ = {isa = PBXBuildFile; fileRef = 41B1128227BE5B9200AB7906 /* Preview Assets.xcassets */; };
		41B1128527BE5B9200AB7906 /* Persistence.swift in Sources */ = {isa = PBXBuildFile; fileRef = 41B1128427BE5B9200AB7906 /* Persistence.swift */; };
		41B1128827BE5B9200AB7906 /* AnotherToDoApp.xcdatamodeld in Sources */ = {isa = PBXBuildFile; fileRef = 41B1128627BE5B9200AB7906 /* AnotherToDoApp.xcdatamodeld */; };
		41B1129027BE5CA900AB7906 /* AddToDoView.swift in Sources */ = {isa = PBXBuildFile; fileRef = 41B1128F27BE5CA900AB7906 /* AddToDoView.swift */; };
/* End PBXBuildFile section */

/* Begin PBXFileReference section */
		417DB64A27BFAD7800D01AAE /* SettingsView.swift */ = {isa = PBXFileReference; lastKnownFileType = sourcecode.swift; path = SettingsView.swift; sourceTree = "<group>"; };
		417DB64C27BFB2F100D01AAE /* FormRowStaticView.swift */ = {isa = PBXFileReference; lastKnownFileType = sourcecode.swift; path = FormRowStaticView.swift; sourceTree = "<group>"; };
		417DB64E27BFBB0F00D01AAE /* FormRowLinkView.swift */ = {isa = PBXFileReference; lastKnownFileType = sourcecode.swift; path = FormRowLinkView.swift; sourceTree = "<group>"; };
		417DB65127BFE03D00D01AAE /* Pink Light.png */ = {isa = PBXFileReference; lastKnownFileType = image.png; path = "Pink Light.png"; sourceTree = "<group>"; };
		417DB65227BFE03E00D01AAE /* Pink.png */ = {isa = PBXFileReference; lastKnownFileType = image.png; path = Pink.png; sourceTree = "<group>"; };
		417DB65327BFE03E00D01AAE /* Green Dark.png */ = {isa = PBXFileReference; lastKnownFileType = image.png; path = "Green Dark.png"; sourceTree = "<group>"; };
		417DB65427BFE03E00D01AAE /* Green.png */ = {isa = PBXFileReference; lastKnownFileType = image.png; path = Green.png; sourceTree = "<group>"; };
		417DB65527BFE03F00D01AAE /* Blue Light.png */ = {isa = PBXFileReference; lastKnownFileType = image.png; path = "Blue Light.png"; sourceTree = "<group>"; };
		417DB65627BFE03F00D01AAE /* Green Light.png */ = {isa = PBXFileReference; lastKnownFileType = image.png; path = "Green Light.png"; sourceTree = "<group>"; };
		417DB65727BFE03F00D01AAE /* Blue Dark.png */ = {isa = PBXFileReference; lastKnownFileType = image.png; path = "Blue Dark.png"; sourceTree = "<group>"; };
		417DB65827BFE03F00D01AAE /* Blue.png */ = {isa = PBXFileReference; lastKnownFileType = image.png; path = Blue.png; sourceTree = "<group>"; };
		417DB65927BFE03F00D01AAE /* Pink Dark.png */ = {isa = PBXFileReference; lastKnownFileType = image.png; path = "Pink Dark.png"; sourceTree = "<group>"; };
		417DB66327BFE10000D01AAE /* Info.plist */ = {isa = PBXFileReference; lastKnownFileType = text.plist; path = Info.plist; sourceTree = "<group>"; };
		41AB1C0A27BECE3100A6F1DD /* LaunchScreen.storyboard */ = {isa = PBXFileReference; lastKnownFileType = file.storyboard; path = LaunchScreen.storyboard; sourceTree = "<group>"; };
		41AB1C0C27BED38700A6F1DD /* EmptyListView.swift */ = {isa = PBXFileReference; lastKnownFileType = sourcecode.swift; path = EmptyListView.swift; sourceTree = "<group>"; };
		41B1127827BE5B8B00AB7906 /* AnotherToDoApp.app */ = {isa = PBXFileReference; explicitFileType = wrapper.application; includeInIndex = 0; path = AnotherToDoApp.app; sourceTree = BUILT_PRODUCTS_DIR; };
		41B1127B27BE5B8B00AB7906 /* AnotherToDoAppApp.swift */ = {isa = PBXFileReference; lastKnownFileType = sourcecode.swift; path = AnotherToDoAppApp.swift; sourceTree = "<group>"; };
		41B1127D27BE5B8B00AB7906 /* ContentView.swift */ = {isa = PBXFileReference; lastKnownFileType = sourcecode.swift; path = ContentView.swift; sourceTree = "<group>"; };
		41B1127F27BE5B9200AB7906 /* Assets.xcassets */ = {isa = PBXFileReference; lastKnownFileType = folder.assetcatalog; path = Assets.xcassets; sourceTree = "<group>"; };
		41B1128227BE5B9200AB7906 /* Preview Assets.xcassets */ = {isa = PBXFileReference; lastKnownFileType = folder.assetcatalog; path = "Preview Assets.xcassets"; sourceTree = "<group>"; };
		41B1128427BE5B9200AB7906 /* Persistence.swift */ = {isa = PBXFileReference; lastKnownFileType = sourcecode.swift; path = Persistence.swift; sourceTree = "<group>"; };
		41B1128727BE5B9200AB7906 /* AnotherToDoApp.xcdatamodel */ = {isa = PBXFileReference; lastKnownFileType = wrapper.xcdatamodel; path = AnotherToDoApp.xcdatamodel; sourceTree = "<group>"; };
		41B1128F27BE5CA900AB7906 /* AddToDoView.swift */ = {isa = PBXFileReference; lastKnownFileType = sourcecode.swift; path = AddToDoView.swift; sourceTree = "<group>"; };
/* End PBXFileReference section */

/* Begin PBXFrameworksBuildPhase section */
		41B1127527BE5B8B00AB7906 /* Frameworks */ = {
			isa = PBXFrameworksBuildPhase;
			buildActionMask = 2147483647;
			files = (
			);
			runOnlyForDeploymentPostprocessing = 0;
		};
/* End PBXFrameworksBuildPhase section */

/* Begin PBXGroup section */
		417DB65027BFDFEF00D01AAE /* Icons */ = {
			isa = PBXGroup;
			children = (
				417DB65727BFE03F00D01AAE /* Blue Dark.png */,
				417DB65527BFE03F00D01AAE /* Blue Light.png */,
				417DB65827BFE03F00D01AAE /* Blue.png */,
				417DB65327BFE03E00D01AAE /* Green Dark.png */,
				417DB65627BFE03F00D01AAE /* Green Light.png */,
				417DB65427BFE03E00D01AAE /* Green.png */,
				417DB65927BFE03F00D01AAE /* Pink Dark.png */,
				417DB65127BFE03D00D01AAE /* Pink Light.png */,
				417DB65227BFE03E00D01AAE /* Pink.png */,
			);
			path = Icons;
			sourceTree = "<group>";
		};
		41B1126F27BE5B8B00AB7906 = {
			isa = PBXGroup;
			children = (
				41B1127A27BE5B8B00AB7906 /* AnotherToDoApp */,
				41B1127927BE5B8B00AB7906 /* Products */,
			);
			sourceTree = "<group>";
		};
		41B1127927BE5B8B00AB7906 /* Products */ = {
			isa = PBXGroup;
			children = (
				41B1127827BE5B8B00AB7906 /* AnotherToDoApp.app */,
			);
			name = Products;
			sourceTree = "<group>";
		};
		41B1127A27BE5B8B00AB7906 /* AnotherToDoApp */ = {
			isa = PBXGroup;
			children = (
				417DB66327BFE10000D01AAE /* Info.plist */,
				417DB65027BFDFEF00D01AAE /* Icons */,
				41AB1C0A27BECE3100A6F1DD /* LaunchScreen.storyboard */,
				41B1127B27BE5B8B00AB7906 /* AnotherToDoAppApp.swift */,
				41B1128E27BE5C8A00AB7906 /* View */,
				41B1127F27BE5B9200AB7906 /* Assets.xcassets */,
				41B1128427BE5B9200AB7906 /* Persistence.swift */,
				41B1128627BE5B9200AB7906 /* AnotherToDoApp.xcdatamodeld */,
				41B1128127BE5B9200AB7906 /* Preview Content */,
			);
			path = AnotherToDoApp;
			sourceTree = "<group>";
		};
		41B1128127BE5B9200AB7906 /* Preview Content */ = {
			isa = PBXGroup;
			children = (
				41B1128227BE5B9200AB7906 /* Preview Assets.xcassets */,
			);
			path = "Preview Content";
			sourceTree = "<group>";
		};
		41B1128E27BE5C8A00AB7906 /* View */ = {
			isa = PBXGroup;
			children = (
				41B1127D27BE5B8B00AB7906 /* ContentView.swift */,
				41B1128F27BE5CA900AB7906 /* AddToDoView.swift */,
				41AB1C0C27BED38700A6F1DD /* EmptyListView.swift */,
				417DB64A27BFAD7800D01AAE /* SettingsView.swift */,
				417DB64C27BFB2F100D01AAE /* FormRowStaticView.swift */,
				417DB64E27BFBB0F00D01AAE /* FormRowLinkView.swift */,
			);
			path = View;
			sourceTree = "<group>";
		};
/* End PBXGroup section */

/* Begin PBXNativeTarget section */
		41B1127727BE5B8B00AB7906 /* AnotherToDoApp */ = {
			isa = PBXNativeTarget;
			buildConfigurationList = 41B1128B27BE5B9200AB7906 /* Build configuration list for PBXNativeTarget "AnotherToDoApp" */;
			buildPhases = (
				41B1127427BE5B8B00AB7906 /* Sources */,
				41B1127527BE5B8B00AB7906 /* Frameworks */,
				41B1127627BE5B8B00AB7906 /* Resources */,
			);
			buildRules = (
			);
			dependencies = (
			);
			name = AnotherToDoApp;
			productName = AnotherToDoApp;
			productReference = 41B1127827BE5B8B00AB7906 /* AnotherToDoApp.app */;
			productType = "com.apple.product-type.application";
		};
/* End PBXNativeTarget section */

/* Begin PBXProject section */
		41B1127027BE5B8B00AB7906 /* Project object */ = {
			isa = PBXProject;
			attributes = {
				BuildIndependentTargetsInParallel = 1;
				LastSwiftUpdateCheck = 1320;
				LastUpgradeCheck = 1320;
				TargetAttributes = {
					41B1127727BE5B8B00AB7906 = {
						CreatedOnToolsVersion = 13.2.1;
					};
				};
			};
			buildConfigurationList = 41B1127327BE5B8B00AB7906 /* Build configuration list for PBXProject "AnotherToDoApp" */;
			compatibilityVersion = "Xcode 13.0";
			developmentRegion = en;
			hasScannedForEncodings = 0;
			knownRegions = (
				en,
				Base,
			);
			mainGroup = 41B1126F27BE5B8B00AB7906;
			productRefGroup = 41B1127927BE5B8B00AB7906 /* Products */;
			projectDirPath = "";
			projectRoot = "";
			targets = (
				41B1127727BE5B8B00AB7906 /* AnotherToDoApp */,
			);
		};
/* End PBXProject section */

/* Begin PBXResourcesBuildPhase section */
		41B1127627BE5B8B00AB7906 /* Resources */ = {
			isa = PBXResourcesBuildPhase;
			buildActionMask = 2147483647;
			files = (
				417DB66227BFE03F00D01AAE /* Pink Dark.png in Resources */,
				417DB65F27BFE03F00D01AAE /* Green Light.png in Resources */,
				417DB65C27BFE03F00D01AAE /* Green Dark.png in Resources */,
				417DB65E27BFE03F00D01AAE /* Blue Light.png in Resources */,
				41AB1C0B27BECE3100A6F1DD /* LaunchScreen.storyboard in Resources */,
				417DB66027BFE03F00D01AAE /* Blue Dark.png in Resources */,
				41B1128327BE5B9200AB7906 /* Preview Assets.xcassets in Resources */,
				417DB65D27BFE03F00D01AAE /* Green.png in Resources */,
				417DB65B27BFE03F00D01AAE /* Pink.png in Resources */,
				41B1128027BE5B9200AB7906 /* Assets.xcassets in Resources */,
				417DB66127BFE03F00D01AAE /* Blue.png in Resources */,
				417DB65A27BFE03F00D01AAE /* Pink Light.png in Resources */,
			);
			runOnlyForDeploymentPostprocessing = 0;
		};
/* End PBXResourcesBuildPhase section */

/* Begin PBXSourcesBuildPhase section */
		41B1127427BE5B8B00AB7906 /* Sources */ = {
			isa = PBXSourcesBuildPhase;
			buildActionMask = 2147483647;
			files = (
				417DB64B27BFAD7900D01AAE /* SettingsView.swift in Sources */,
				417DB64D27BFB2F100D01AAE /* FormRowStaticView.swift in Sources */,
				417DB64F27BFBB0F00D01AAE /* FormRowLinkView.swift in Sources */,
				41B1128527BE5B9200AB7906 /* Persistence.swift in Sources */,
				41B1127E27BE5B8B00AB7906 /* ContentView.swift in Sources */,
				41AB1C0D27BED38800A6F1DD /* EmptyListView.swift in Sources */,
				41B1127C27BE5B8B00AB7906 /* AnotherToDoAppApp.swift in Sources */,
				41B1128827BE5B9200AB7906 /* AnotherToDoApp.xcdatamodeld in Sources */,
				41B1129027BE5CA900AB7906 /* AddToDoView.swift in Sources */,
			);
			runOnlyForDeploymentPostprocessing = 0;
		};
/* End PBXSourcesBuildPhase section */

/* Begin XCBuildConfiguration section */
		41B1128927BE5B9200AB7906 /* Debug */ = {
			isa = XCBuildConfiguration;
			buildSettings = {
				ALWAYS_SEARCH_USER_PATHS = NO;
				CLANG_ANALYZER_NONNULL = YES;
				CLANG_ANALYZER_NUMBER_OBJECT_CONVERSION = YES_AGGRESSIVE;
				CLANG_CXX_LANGUAGE_STANDARD = "gnu++17";
				CLANG_CXX_LIBRARY = "libc++";
				CLANG_ENABLE_MODULES = YES;
				CLANG_ENABLE_OBJC_ARC = YES;
				CLANG_ENABLE_OBJC_WEAK = YES;
				CLANG_WARN_BLOCK_CAPTURE_AUTORELEASING = YES;
				CLANG_WARN_BOOL_CONVERSION = YES;
				CLANG_WARN_COMMA = YES;
				CLANG_WARN_CONSTANT_CONVERSION = YES;
				CLANG_WARN_DEPRECATED_OBJC_IMPLEMENTATIONS = YES;
				CLANG_WARN_DIRECT_OBJC_ISA_USAGE = YES_ERROR;
				CLANG_WARN_DOCUMENTATION_COMMENTS = YES;
				CLANG_WARN_EMPTY_BODY = YES;
				CLANG_WARN_ENUM_CONVERSION = YES;
				CLANG_WARN_INFINITE_RECURSION = YES;
				CLANG_WARN_INT_CONVERSION = YES;
				CLANG_WARN_NON_LITERAL_NULL_CONVERSION = YES;
				CLANG_WARN_OBJC_IMPLICIT_RETAIN_SELF = YES;
				CLANG_WARN_OBJC_LITERAL_CONVERSION = YES;
				CLANG_WARN_OBJC_ROOT_CLASS = YES_ERROR;
				CLANG_WARN_QUOTED_INCLUDE_IN_FRAMEWORK_HEADER = YES;
				CLANG_WARN_RANGE_LOOP_ANALYSIS = YES;
				CLANG_WARN_STRICT_PROTOTYPES = YES;
				CLANG_WARN_SUSPICIOUS_MOVE = YES;
				CLANG_WARN_UNGUARDED_AVAILABILITY = YES_AGGRESSIVE;
				CLANG_WARN_UNREACHABLE_CODE = YES;
				CLANG_WARN__DUPLICATE_METHOD_MATCH = YES;
				COPY_PHASE_STRIP = NO;
				DEBUG_INFORMATION_FORMAT = dwarf;
				ENABLE_STRICT_OBJC_MSGSEND = YES;
				ENABLE_TESTABILITY = YES;
				GCC_C_LANGUAGE_STANDARD = gnu11;
				GCC_DYNAMIC_NO_PIC = NO;
				GCC_NO_COMMON_BLOCKS = YES;
				GCC_OPTIMIZATION_LEVEL = 0;
				GCC_PREPROCESSOR_DEFINITIONS = (
					"DEBUG=1",
					"$(inherited)",
				);
				GCC_WARN_64_TO_32_BIT_CONVERSION = YES;
				GCC_WARN_ABOUT_RETURN_TYPE = YES_ERROR;
				GCC_WARN_UNDECLARED_SELECTOR = YES;
				GCC_WARN_UNINITIALIZED_AUTOS = YES_AGGRESSIVE;
				GCC_WARN_UNUSED_FUNCTION = YES;
				GCC_WARN_UNUSED_VARIABLE = YES;
				IPHONEOS_DEPLOYMENT_TARGET = 15.2;
				MTL_ENABLE_DEBUG_INFO = INCLUDE_SOURCE;
				MTL_FAST_MATH = YES;
				ONLY_ACTIVE_ARCH = YES;
				SDKROOT = iphoneos;
				SWIFT_ACTIVE_COMPILATION_CONDITIONS = DEBUG;
				SWIFT_OPTIMIZATION_LEVEL = "-Onone";
			};
			name = Debug;
		};
		41B1128A27BE5B9200AB7906 /* Release */ = {
			isa = XCBuildConfiguration;
			buildSettings = {
				ALWAYS_SEARCH_USER_PATHS = NO;
				CLANG_ANALYZER_NONNULL = YES;
				CLANG_ANALYZER_NUMBER_OBJECT_CONVERSION = YES_AGGRESSIVE;
				CLANG_CXX_LANGUAGE_STANDARD = "gnu++17";
				CLANG_CXX_LIBRARY = "libc++";
				CLANG_ENABLE_MODULES = YES;
				CLANG_ENABLE_OBJC_ARC = YES;
				CLANG_ENABLE_OBJC_WEAK = YES;
				CLANG_WARN_BLOCK_CAPTURE_AUTORELEASING = YES;
				CLANG_WARN_BOOL_CONVERSION = YES;
				CLANG_WARN_COMMA = YES;
				CLANG_WARN_CONSTANT_CONVERSION = YES;
				CLANG_WARN_DEPRECATED_OBJC_IMPLEMENTATIONS = YES;
				CLANG_WARN_DIRECT_OBJC_ISA_USAGE = YES_ERROR;
				CLANG_WARN_DOCUMENTATION_COMMENTS = YES;
				CLANG_WARN_EMPTY_BODY = YES;
				CLANG_WARN_ENUM_CONVERSION = YES;
				CLANG_WARN_INFINITE_RECURSION = YES;
				CLANG_WARN_INT_CONVERSION = YES;
				CLANG_WARN_NON_LITERAL_NULL_CONVERSION = YES;
				CLANG_WARN_OBJC_IMPLICIT_RETAIN_SELF = YES;
				CLANG_WARN_OBJC_LITERAL_CONVERSION = YES;
				CLANG_WARN_OBJC_ROOT_CLASS = YES_ERROR;
				CLANG_WARN_QUOTED_INCLUDE_IN_FRAMEWORK_HEADER = YES;
				CLANG_WARN_RANGE_LOOP_ANALYSIS = YES;
				CLANG_WARN_STRICT_PROTOTYPES = YES;
				CLANG_WARN_SUSPICIOUS_MOVE = YES;
				CLANG_WARN_UNGUARDED_AVAILABILITY = YES_AGGRESSIVE;
				CLANG_WARN_UNREACHABLE_CODE = YES;
				CLANG_WARN__DUPLICATE_METHOD_MATCH = YES;
				COPY_PHASE_STRIP = NO;
				DEBUG_INFORMATION_FORMAT = "dwarf-with-dsym";
				ENABLE_NS_ASSERTIONS = NO;
				ENABLE_STRICT_OBJC_MSGSEND = YES;
				GCC_C_LANGUAGE_STANDARD = gnu11;
				GCC_NO_COMMON_BLOCKS = YES;
				GCC_WARN_64_TO_32_BIT_CONVERSION = YES;
				GCC_WARN_ABOUT_RETURN_TYPE = YES_ERROR;
				GCC_WARN_UNDECLARED_SELECTOR = YES;
				GCC_WARN_UNINITIALIZED_AUTOS = YES_AGGRESSIVE;
				GCC_WARN_UNUSED_FUNCTION = YES;
				GCC_WARN_UNUSED_VARIABLE = YES;
				IPHONEOS_DEPLOYMENT_TARGET = 15.2;
				MTL_ENABLE_DEBUG_INFO = NO;
				MTL_FAST_MATH = YES;
				SDKROOT = iphoneos;
				SWIFT_COMPILATION_MODE = wholemodule;
				SWIFT_OPTIMIZATION_LEVEL = "-O";
				VALIDATE_PRODUCT = YES;
			};
			name = Release;
		};
		41B1128C27BE5B9200AB7906 /* Debug */ = {
			isa = XCBuildConfiguration;
			buildSettings = {
				ASSETCATALOG_COMPILER_APPICON_NAME = AppIcon;
				ASSETCATALOG_COMPILER_GLOBAL_ACCENT_COLOR_NAME = AccentColor;
				CODE_SIGN_STYLE = Automatic;
				CURRENT_PROJECT_VERSION = 1;
				DEVELOPMENT_ASSET_PATHS = "\"AnotherToDoApp/Preview Content\"";
				DEVELOPMENT_TEAM = 56F54J4H3N;
				ENABLE_PREVIEWS = YES;
				GENERATE_INFOPLIST_FILE = YES;
				INFOPLIST_FILE = AnotherToDoApp/Info.plist;
				INFOPLIST_KEY_UIApplicationSceneManifest_Generation = YES;
				INFOPLIST_KEY_UIApplicationSupportsIndirectInputEvents = YES;
				INFOPLIST_KEY_UILaunchScreen_Generation = YES;
				INFOPLIST_KEY_UILaunchStoryboardName = LaunchScreen;
				INFOPLIST_KEY_UISupportedInterfaceOrientations = UIInterfaceOrientationPortrait;
				INFOPLIST_KEY_UISupportedInterfaceOrientations_iPad = "UIInterfaceOrientationPortrait UIInterfaceOrientationPortraitUpsideDown UIInterfaceOrientationLandscapeLeft UIInterfaceOrientationLandscapeRight";
				INFOPLIST_KEY_UISupportedInterfaceOrientations_iPhone = "UIInterfaceOrientationPortrait UIInterfaceOrientationLandscapeLeft UIInterfaceOrientationLandscapeRight";
				LD_RUNPATH_SEARCH_PATHS = (
					"$(inherited)",
					"@executable_path/Frameworks",
				);
				MARKETING_VERSION = 1.0;
				PRODUCT_BUNDLE_IDENTIFIER = com.mobilesoftwareservices.AnotherToDoApp;
				PRODUCT_NAME = "$(TARGET_NAME)";
				SWIFT_EMIT_LOC_STRINGS = YES;
				SWIFT_VERSION = 5.0;
				TARGETED_DEVICE_FAMILY = "1,2";
			};
			name = Debug;
		};
		41B1128D27BE5B9200AB7906 /* Release */ = {
			isa = XCBuildConfiguration;
			buildSettings = {
				ASSETCATALOG_COMPILER_APPICON_NAME = AppIcon;
				ASSETCATALOG_COMPILER_GLOBAL_ACCENT_COLOR_NAME = AccentColor;
				CODE_SIGN_STYLE = Automatic;
				CURRENT_PROJECT_VERSION = 1;
				DEVELOPMENT_ASSET_PATHS = "\"AnotherToDoApp/Preview Content\"";
				DEVELOPMENT_TEAM = 56F54J4H3N;
				ENABLE_PREVIEWS = YES;
				GENERATE_INFOPLIST_FILE = YES;
				INFOPLIST_FILE = AnotherToDoApp/Info.plist;
				INFOPLIST_KEY_UIApplicationSceneManifest_Generation = YES;
				INFOPLIST_KEY_UIApplicationSupportsIndirectInputEvents = YES;
				INFOPLIST_KEY_UILaunchScreen_Generation = YES;
				INFOPLIST_KEY_UILaunchStoryboardName = LaunchScreen;
				INFOPLIST_KEY_UISupportedInterfaceOrientations = UIInterfaceOrientationPortrait;
				INFOPLIST_KEY_UISupportedInterfaceOrientations_iPad = "UIInterfaceOrientationPortrait UIInterfaceOrientationPortraitUpsideDown UIInterfaceOrientationLandscapeLeft UIInterfaceOrientationLandscapeRight";
				INFOPLIST_KEY_UISupportedInterfaceOrientations_iPhone = "UIInterfaceOrientationPortrait UIInterfaceOrientationLandscapeLeft UIInterfaceOrientationLandscapeRight";
				LD_RUNPATH_SEARCH_PATHS = (
					"$(inherited)",
					"@executable_path/Frameworks",
				);
				MARKETING_VERSION = 1.0;
				PRODUCT_BUNDLE_IDENTIFIER = com.mobilesoftwareservices.AnotherToDoApp;
				PRODUCT_NAME = "$(TARGET_NAME)";
				SWIFT_EMIT_LOC_STRINGS = YES;
				SWIFT_VERSION = 5.0;
				TARGETED_DEVICE_FAMILY = "1,2";
			};
			name = Release;
		};
/* End XCBuildConfiguration section */

/* Begin XCConfigurationList section */
		41B1127327BE5B8B00AB7906 /* Build configuration list for PBXProject "AnotherToDoApp" */ = {
			isa = XCConfigurationList;
			buildConfigurations = (
				41B1128927BE5B9200AB7906 /* Debug */,
				41B1128A27BE5B9200AB7906 /* Release */,
			);
			defaultConfigurationIsVisible = 0;
			defaultConfigurationName = Release;
		};
		41B1128B27BE5B9200AB7906 /* Build configuration list for PBXNativeTarget "AnotherToDoApp" */ = {
			isa = XCConfigurationList;
			buildConfigurations = (
				41B1128C27BE5B9200AB7906 /* Debug */,
				41B1128D27BE5B9200AB7906 /* Release */,
			);
			defaultConfigurationIsVisible = 0;
			defaultConfigurationName = Release;
		};
/* End XCConfigurationList section */

/* Begin XCVersionGroup section */
		41B1128627BE5B9200AB7906 /* AnotherToDoApp.xcdatamodeld */ = {
			isa = XCVersionGroup;
			children = (
				41B1128727BE5B9200AB7906 /* AnotherToDoApp.xcdatamodel */,
			);
			currentVersion = 41B1128727BE5B9200AB7906 /* AnotherToDoApp.xcdatamodel */;
			path = AnotherToDoApp.xcdatamodeld;
			sourceTree = "<group>";
			versionGroupType = wrapper.xcdatamodel;
		};
/* End XCVersionGroup section */
	};
	rootObject = 41B1127027BE5B8B00AB7906 /* Project object */;
}
